
Microsoft Visual Studio Solution File, Format Version 12.00
# Visual Studio Version 17
VisualStudioVersion = 17.11.35222.181
MinimumVisualStudioVersion = 10.0.40219.1
Project("{FAE04EC0-301F-11D3-BF4B-00C04F79EFBC}") = "Assignment 1.1.3-4", "Assignment 1.1.3-4.csproj", "{6A9363A5-EE23-4761-A7D5-B97C0F044D38}"
EndProject
Global
	GlobalSection(SolutionConfigurationPlatforms) = preSolution
		Debug|Any CPU = Debug|Any CPU
		Release|Any CPU = Release|Any CPU
	EndGlobalSection
	GlobalSection(ProjectConfigurationPlatforms) = postSolution
		{6A9363A5-EE23-4761-A7D5-B97C0F044D38}.Debug|Any CPU.ActiveCfg = Debug|Any CPU
		{6A9363A5-EE23-4761-A7D5-B97C0F044D38}.Debug|Any CPU.Build.0 = Debug|Any CPU
		{6A9363A5-EE23-4761-A7D5-B97C0F044D38}.Release|Any CPU.ActiveCfg = Release|Any CPU
		{6A9363A5-EE23-4761-A7D5-B97C0F044D38}.Release|Any CPU.Build.0 = Release|Any CPU
	EndGlobalSection
	GlobalSection(SolutionProperties) = preSolution
		HideSolutionNode = FALSE
	EndGlobalSection
	GlobalSection(ExtensibilityGlobals) = postSolution
		SolutionGuid = {B8A72EEA-C3A6-4BF8-863D-BCA4510A0643}
	EndGlobalSection
EndGlobal
